// !$*UTF8*$!
{
	archiveVersion = 1;
	classes = {
	};
	objectVersion = 46;
	objects = {

/* Begin PBXBuildFile section */
		0B18AEDA1D000EA6005CE1B8 /* AppDelegate.swift in Sources */ = {isa = PBXBuildFile; fileRef = 0B18AED91D000EA6005CE1B8 /* AppDelegate.swift */; };
		0B18AEDC1D000EA6005CE1B8 /* ViewController.swift in Sources */ = {isa = PBXBuildFile; fileRef = 0B18AEDB1D000EA6005CE1B8 /* ViewController.swift */; };
		0B18AEDF1D000EA6005CE1B8 /* Main.storyboard in Resources */ = {isa = PBXBuildFile; fileRef = 0B18AEDD1D000EA6005CE1B8 /* Main.storyboard */; };
		0B18AEE11D000EA6005CE1B8 /* Assets.xcassets in Resources */ = {isa = PBXBuildFile; fileRef = 0B18AEE01D000EA6005CE1B8 /* Assets.xcassets */; };
		0B18AEE41D000EA6005CE1B8 /* LaunchScreen.storyboard in Resources */ = {isa = PBXBuildFile; fileRef = 0B18AEE21D000EA6005CE1B8 /* LaunchScreen.storyboard */; };
		0B18AEEC1D001183005CE1B8 /* photo.jpg in Resources */ = {isa = PBXBuildFile; fileRef = 0B18AEEB1D001183005CE1B8 /* photo.jpg */; };
		0B18AEEE1D0019A6005CE1B8 /* CoordinatesTool.swift in Sources */ = {isa = PBXBuildFile; fileRef = 0B18AEED1D0019A6005CE1B8 /* CoordinatesTool.swift */; };
		0B18AEF01D002DB1005CE1B8 /* FaceFeatureData.swift in Sources */ = {isa = PBXBuildFile; fileRef = 0B18AEEF1D002DB1005CE1B8 /* FaceFeatureData.swift */; };
		0B18AEF41D003346005CE1B8 /* UIImage+FaceDetect.swift in Sources */ = {isa = PBXBuildFile; fileRef = 0B18AEF31D003346005CE1B8 /* UIImage+FaceDetect.swift */; };
/* End PBXBuildFile section */

/* Begin PBXFileReference section */
		0B18AED61D000EA6005CE1B8 /* FaceDetectionDemo.app */ = {isa = PBXFileReference; explicitFileType = wrapper.application; includeInIndex = 0; path = FaceDetectionDemo.app; sourceTree = BUILT_PRODUCTS_DIR; };
		0B18AED91D000EA6005CE1B8 /* AppDelegate.swift */ = {isa = PBXFileReference; lastKnownFileType = sourcecode.swift; path = AppDelegate.swift; sourceTree = "<group>"; };
		0B18AEDB1D000EA6005CE1B8 /* ViewController.swift */ = {isa = PBXFileReference; lastKnownFileType = sourcecode.swift; path = ViewController.swift; sourceTree = "<group>"; };
		0B18AEDE1D000EA6005CE1B8 /* Base */ = {isa = PBXFileReference; lastKnownFileType = file.storyboard; name = Base; path = Base.lproj/Main.storyboard; sourceTree = "<group>"; };
		0B18AEE01D000EA6005CE1B8 /* Assets.xcassets */ = {isa = PBXFileReference; lastKnownFileType = folder.assetcatalog; path = Assets.xcassets; sourceTree = "<group>"; };
		0B18AEE31D000EA6005CE1B8 /* Base */ = {isa = PBXFileReference; lastKnownFileType = file.storyboard; name = Base; path = Base.lproj/LaunchScreen.storyboard; sourceTree = "<group>"; };
		0B18AEE51D000EA6005CE1B8 /* Info.plist */ = {isa = PBXFileReference; lastKnownFileType = text.plist.xml; path = Info.plist; sourceTree = "<group>"; };
		0B18AEEB1D001183005CE1B8 /* photo.jpg */ = {isa = PBXFileReference; lastKnownFileType = image.jpeg; path = photo.jpg; sourceTree = "<group>"; };
		0B18AEED1D0019A6005CE1B8 /* CoordinatesTool.swift */ = {isa = PBXFileReference; fileEncoding = 4; lastKnownFileType = sourcecode.swift; path = CoordinatesTool.swift; sourceTree = "<group>"; };
		0B18AEEF1D002DB1005CE1B8 /* FaceFeatureData.swift */ = {isa = PBXFileReference; fileEncoding = 4; lastKnownFileType = sourcecode.swift; path = FaceFeatureData.swift; sourceTree = "<group>"; };
		0B18AEF31D003346005CE1B8 /* UIImage+FaceDetect.swift */ = {isa = PBXFileReference; fileEncoding = 4; lastKnownFileType = sourcecode.swift; path = "UIImage+FaceDetect.swift"; sourceTree = "<group>"; };
/* End PBXFileReference section */

/* Begin PBXFrameworksBuildPhase section */
		0B18AED31D000EA6005CE1B8 /* Frameworks */ = {
			isa = PBXFrameworksBuildPhase;
			buildActionMask = 2147483647;
			files = (
			);
			runOnlyForDeploymentPostprocessing = 0;
		};
/* End PBXFrameworksBuildPhase section */

/* Begin PBXGroup section */
		0B18AECD1D000EA5005CE1B8 = {
			isa = PBXGroup;
			children = (
				0B18AED81D000EA6005CE1B8 /* FaceDetectionDemo */,
				0B18AED71D000EA6005CE1B8 /* Products */,
			);
			sourceTree = "<group>";
		};
		0B18AED71D000EA6005CE1B8 /* Products */ = {
			isa = PBXGroup;
			children = (
				0B18AED61D000EA6005CE1B8 /* FaceDetectionDemo.app */,
			);
			name = Products;
			sourceTree = "<group>";
		};
		0B18AED81D000EA6005CE1B8 /* FaceDetectionDemo */ = {
			isa = PBXGroup;
			children = (
				0B18AEEB1D001183005CE1B8 /* photo.jpg */,
				0B18AED91D000EA6005CE1B8 /* AppDelegate.swift */,
				0B18AEDB1D000EA6005CE1B8 /* ViewController.swift */,
				0B18AEED1D0019A6005CE1B8 /* CoordinatesTool.swift */,
				0B18AEEF1D002DB1005CE1B8 /* FaceFeatureData.swift */,
				0B18AEF31D003346005CE1B8 /* UIImage+FaceDetect.swift */,
				0B18AEDD1D000EA6005CE1B8 /* Main.storyboard */,
				0B18AEE01D000EA6005CE1B8 /* Assets.xcassets */,
				0B18AEE21D000EA6005CE1B8 /* LaunchScreen.storyboard */,
				0B18AEE51D000EA6005CE1B8 /* Info.plist */,
			);
			path = FaceDetectionDemo;
			sourceTree = "<group>";
		};
/* End PBXGroup section */

/* Begin PBXNativeTarget section */
		0B18AED51D000EA6005CE1B8 /* FaceDetectionDemo */ = {
			isa = PBXNativeTarget;
			buildConfigurationList = 0B18AEE81D000EA6005CE1B8 /* Build configuration list for PBXNativeTarget "FaceDetectionDemo" */;
			buildPhases = (
				0B18AED21D000EA6005CE1B8 /* Sources */,
				0B18AED31D000EA6005CE1B8 /* Frameworks */,
				0B18AED41D000EA6005CE1B8 /* Resources */,
			);
			buildRules = (
			);
			dependencies = (
			);
			name = FaceDetectionDemo;
			productName = FaceDetectionDemo;
			productReference = 0B18AED61D000EA6005CE1B8 /* FaceDetectionDemo.app */;
			productType = "com.apple.product-type.application";
		};
/* End PBXNativeTarget section */

/* Begin PBXProject section */
		0B18AECE1D000EA5005CE1B8 /* Project object */ = {
			isa = PBXProject;
			attributes = {
				LastSwiftUpdateCheck = 0730;
				LastUpgradeCheck = 0730;
				TargetAttributes = {
					0B18AED51D000EA6005CE1B8 = {
						CreatedOnToolsVersion = 7.3.1;
					};
				};
			};
			buildConfigurationList = 0B18AED11D000EA5005CE1B8 /* Build configuration list for PBXProject "FaceDetectionDemo" */;
			compatibilityVersion = "Xcode 3.2";
			developmentRegion = English;
			hasScannedForEncodings = 0;
			knownRegions = (
				en,
				Base,
			);
			mainGroup = 0B18AECD1D000EA5005CE1B8;
			productRefGroup = 0B18AED71D000EA6005CE1B8 /* Products */;
			projectDirPath = "";
			projectRoot = "";
			targets = (
				0B18AED51D000EA6005CE1B8 /* FaceDetectionDemo */,
			);
		};
/* End PBXProject section */

/* Begin PBXResourcesBuildPhase section */
		0B18AED41D000EA6005CE1B8 /* Resources */ = {
			isa = PBXResourcesBuildPhase;
			buildActionMask = 2147483647;
			files = (
				0B18AEE41D000EA6005CE1B8 /* LaunchScreen.storyboard in Resources */,
				0B18AEE11D000EA6005CE1B8 /* Assets.xcassets in Resources */,
				0B18AEEC1D001183005CE1B8 /* photo.jpg in Resources */,
				0B18AEDF1D000EA6005CE1B8 /* Main.storyboard in Resources */,
			);
			runOnlyForDeploymentPostprocessing = 0;
		};
/* End PBXResourcesBuildPhase section */

/* Begin PBXSourcesBuildPhase section */
		0B18AED21D000EA6005CE1B8 /* Sources */ = {
			isa = PBXSourcesBuildPhase;
			buildActionMask = 2147483647;
			files = (
				0B18AEDC1D000EA6005CE1B8 /* ViewController.swift in Sources */,
				0B18AEF01D002DB1005CE1B8 /* FaceFeatureData.swift in Sources */,
				0B18AEDA1D000EA6005CE1B8 /* AppDelegate.swift in Sources */,
				0B18AEEE1D0019A6005CE1B8 /* CoordinatesTool.swift in Sources */,
				0B18AEF41D003346005CE1B8 /* UIImage+FaceDetect.swift in Sources */,
			);
			runOnlyForDeploymentPostprocessing = 0;
		};
/* End PBXSourcesBuildPhase section */

/* Begin PBXVariantGroup section */
		0B18AEDD1D000EA6005CE1B8 /* Main.storyboard */ = {
			isa = PBXVariantGroup;
			children = (
				0B18AEDE1D000EA6005CE1B8 /* Base */,
			);
			name = Main.storyboard;
			sourceTree = "<group>";
		};
		0B18AEE21D000EA6005CE1B8 /* LaunchScreen.storyboard */ = {
			isa = PBXVariantGroup;
			children = (
				0B18AEE31D000EA6005CE1B8 /* Base */,
			);
			name = LaunchScreen.storyboard;
			sourceTree = "<group>";
		};
/* End PBXVariantGroup section */

/* Begin XCBuildConfiguration section */
		0B18AEE61D000EA6005CE1B8 /* Debug */ = {
			isa = XCBuildConfiguration;
			buildSettings = {
				ALWAYS_SEARCH_USER_PATHS = NO;
				CLANG_ANALYZER_NONNULL = YES;
				CLANG_CXX_LANGUAGE_STANDARD = "gnu++0x";
				CLANG_CXX_LIBRARY = "libc++";
				CLANG_ENABLE_MODULES = YES;
				CLANG_ENABLE_OBJC_ARC = YES;
				CLANG_WARN_BOOL_CONVERSION = YES;
				CLANG_WARN_CONSTANT_CONVERSION = YES;
				CLANG_WARN_DIRECT_OBJC_ISA_USAGE = YES_ERROR;
				CLANG_WARN_EMPTY_BODY = YES;
				CLANG_WARN_ENUM_CONVERSION = YES;
				CLANG_WARN_INT_CONVERSION = YES;
				CLANG_WARN_OBJC_ROOT_CLASS = YES_ERROR;
				CLANG_WARN_UNREACHABLE_CODE = YES;
				CLANG_WARN__DUPLICATE_METHOD_MATCH = YES;
				"CODE_SIGN_IDENTITY[sdk=iphoneos*]" = "iPhone Developer";
				COPY_PHASE_STRIP = NO;
				DEBUG_INFORMATION_FORMAT = dwarf;
				ENABLE_STRICT_OBJC_MSGSEND = YES;
				ENABLE_TESTABILITY = YES;
				GCC_C_LANGUAGE_STANDARD = gnu99;
				GCC_DYNAMIC_NO_PIC = NO;
				GCC_NO_COMMON_BLOCKS = YES;
				GCC_OPTIMIZATION_LEVEL = 0;
				GCC_PREPROCESSOR_DEFINITIONS = (
					"DEBUG=1",
					"$(inherited)",
				);
				GCC_WARN_64_TO_32_BIT_CONVERSION = YES;
				GCC_WARN_ABOUT_RETURN_TYPE = YES_ERROR;
				GCC_WARN_UNDECLARED_SELECTOR = YES;
				GCC_WARN_UNINITIALIZED_AUTOS = YES_AGGRESSIVE;
				GCC_WARN_UNUSED_FUNCTION = YES;
				GCC_WARN_UNUSED_VARIABLE = YES;
				IPHONEOS_DEPLOYMENT_TARGET = 9.3;
				MTL_ENABLE_DEBUG_INFO = YES;
				ONLY_ACTIVE_ARCH = YES;
				SDKROOT = iphoneos;
				SWIFT_OPTIMIZATION_LEVEL = "-Onone";
				TARGETED_DEVICE_FAMILY = "1,2";
			};
			name = Debug;
		};
		0B18AEE71D000EA6005CE1B8 /* Release */ = {
			isa = XCBuildConfiguration;
			buildSettings = {
				ALWAYS_SEARCH_USER_PATHS = NO;
				CLANG_ANALYZER_NONNULL = YES;
				CLANG_CXX_LANGUAGE_STANDARD = "gnu++0x";
				CLANG_CXX_LIBRARY = "libc++";
				CLANG_ENABLE_MODULES = YES;
				CLANG_ENABLE_OBJC_ARC = YES;
				CLANG_WARN_BOOL_CONVERSION = YES;
				CLANG_WARN_CONSTANT_CONVERSION = YES;
				CLANG_WARN_DIRECT_OBJC_ISA_USAGE = YES_ERROR;
				CLANG_WARN_EMPTY_BODY = YES;
				CLANG_WARN_ENUM_CONVERSION = YES;
				CLANG_WARN_INT_CONVERSION = YES;
				CLANG_WARN_OBJC_ROOT_CLASS = YES_ERROR;
				CLANG_WARN_UNREACHABLE_CODE = YES;
				CLANG_WARN__DUPLICATE_METHOD_MATCH = YES;
				"CODE_SIGN_IDENTITY[sdk=iphoneos*]" = "iPhone Developer";
				COPY_PHASE_STRIP = NO;
				DEBUG_INFORMATION_FORMAT = "dwarf-with-dsym";
				ENABLE_NS_ASSERTIONS = NO;
				ENABLE_STRICT_OBJC_MSGSEND = YES;
				GCC_C_LANGUAGE_STANDARD = gnu99;
				GCC_NO_COMMON_BLOCKS = YES;
				GCC_WARN_64_TO_32_BIT_CONVERSION = YES;
				GCC_WARN_ABOUT_RETURN_TYPE = YES_ERROR;
				GCC_WARN_UNDECLARED_SELECTOR = YES;
				GCC_WARN_UNINITIALIZED_AUTOS = YES_AGGRESSIVE;
				GCC_WARN_UNUSED_FUNCTION = YES;
				GCC_WARN_UNUSED_VARIABLE = YES;
				IPHONEOS_DEPLOYMENT_TARGET = 9.3;
				MTL_ENABLE_DEBUG_INFO = NO;
				SDKROOT = iphoneos;
				TARGETED_DEVICE_FAMILY = "1,2";
				VALIDATE_PRODUCT = YES;
			};
			name = Release;
		};
		0B18AEE91D000EA6005CE1B8 /* Debug */ = {
			isa = XCBuildConfiguration;
			buildSettings = {
				ASSETCATALOG_COMPILER_APPICON_NAME = AppIcon;
				INFOPLIST_FILE = FaceDetectionDemo/Info.plist;
				IPHONEOS_DEPLOYMENT_TARGET = 9.0;
				LD_RUNPATH_SEARCH_PATHS = "$(inherited) @executable_path/Frameworks";
				PRODUCT_BUNDLE_IDENTIFIER = com.isaced.FaceDetectionDemo;
				PRODUCT_NAME = "$(TARGET_NAME)";
			};
			name = Debug;
		};
		0B18AEEA1D000EA6005CE1B8 /* Release */ = {
			isa = XCBuildConfiguration;
			buildSettings = {
				ASSETCATALOG_COMPILER_APPICON_NAME = AppIcon;
				INFOPLIST_FILE = FaceDetectionDemo/Info.plist;
				IPHONEOS_DEPLOYMENT_TARGET = 9.0;
				LD_RUNPATH_SEARCH_PATHS = "$(inherited) @executable_path/Frameworks";
				PRODUCT_BUNDLE_IDENTIFIER = com.isaced.FaceDetectionDemo;
				PRODUCT_NAME = "$(TARGET_NAME)";
			};
			name = Release;
		};
/* End XCBuildConfiguration section */

/* Begin XCConfigurationList section */
		0B18AED11D000EA5005CE1B8 /* Build configuration list for PBXProject "FaceDetectionDemo" */ = {
			isa = XCConfigurationList;
			buildConfigurations = (
				0B18AEE61D000EA6005CE1B8 /* Debug */,
				0B18AEE71D000EA6005CE1B8 /* Release */,
			);
			defaultConfigurationIsVisible = 0;
			defaultConfigurationName = Release;
		};
		0B18AEE81D000EA6005CE1B8 /* Build configuration list for PBXNativeTarget "FaceDetectionDemo" */ = {
			isa = XCConfigurationList;
			buildConfigurations = (
				0B18AEE91D000EA6005CE1B8 /* Debug */,
				0B18AEEA1D000EA6005CE1B8 /* Release */,
			);
			defaultConfigurationIsVisible = 0;
			defaultConfigurationName = Release;
		};
/* End XCConfigurationList section */
	};
	rootObject = 0B18AECE1D000EA5005CE1B8 /* Project object */;
}
